
Microsoft Visual Studio Solution File, Format Version 12.00
# Visual Studio Version 17
VisualStudioVersion = 17.4.33110.190
MinimumVisualStudioVersion = 10.0.40219.1
Project("{9A19103F-16F7-4668-BE54-9A1E7A4F7556}") = "Asp.NetEmpty", "Asp.NetEmpty.csproj", "{10611C0F-BEEA-4436-8C42-1418D4FDE2B5}"
EndProject
Project("{FAE04EC0-301F-11D3-BF4B-00C04F79EFBC}") = "Asp.NetEmptyTests", "..\Asp.NetEmptyTests\Asp.NetEmptyTests.csproj", "{54FA3F34-464D-4D17-8F67-6C33DF982024}"
EndProject
Global
	GlobalSection(SolutionConfigurationPlatforms) = preSolution
		Debug|Any CPU = Debug|Any CPU
		Release|Any CPU = Release|Any CPU
	EndGlobalSection
	GlobalSection(ProjectConfigurationPlatforms) = postSolution
		{10611C0F-BEEA-4436-8C42-1418D4FDE2B5}.Debug|Any CPU.ActiveCfg = Debug|Any CPU
		{10611C0F-BEEA-4436-8C42-1418D4FDE2B5}.Debug|Any CPU.Build.0 = Debug|Any CPU
		{10611C0F-BEEA-4436-8C42-1418D4FDE2B5}.Release|Any CPU.ActiveCfg = Release|Any CPU
		{10611C0F-BEEA-4436-8C42-1418D4FDE2B5}.Release|Any CPU.Build.0 = Release|Any CPU
		{54FA3F34-464D-4D17-8F67-6C33DF982024}.Debug|Any CPU.ActiveCfg = Debug|Any CPU
		{54FA3F34-464D-4D17-8F67-6C33DF982024}.Debug|Any CPU.Build.0 = Debug|Any CPU
		{54FA3F34-464D-4D17-8F67-6C33DF982024}.Release|Any CPU.ActiveCfg = Release|Any CPU
		{54FA3F34-464D-4D17-8F67-6C33DF982024}.Release|Any CPU.Build.0 = Release|Any CPU
	EndGlobalSection
	GlobalSection(SolutionProperties) = preSolution
		HideSolutionNode = FALSE
	EndGlobalSection
	GlobalSection(ExtensibilityGlobals) = postSolution
		SolutionGuid = {0F5F1DAA-FD2D-4240-B2E0-004F205E0711}
	EndGlobalSection
EndGlobal
